<?xml version="1.0" encoding="utf-8"?>
<Project ToolsVersion="12.0" xmlns="http://schemas.microsoft.com/developer/msbuild/2003">
  <ItemGroup>
    <CLCompile Include="$(MSBuildThisFileDirectory)App.xaml.cpp" />
    <ClInclude Include="$(MSBuildThisFileDirectory)App.xaml.h" />
    <CLCompile Include="$(MSBuildThisFileDirectory)pch.cpp" />
    <ClInclude Include="$(MSBuildThisFileDirectory)pch.h" />
    <ClCompile Include="$(MSBuildThisFileDirectory)..\..\Classes\AppDelegate.cpp">
      <Filter>Classes</Filter>
    </ClCompile>
    <ClCompile Include="$(MSBuildThisFileDirectory)Cocos2dRenderer.cpp" />
    <ClCompile Include="$(MSBuildThisFileDirectory)OpenGLES.cpp" />
    <ClCompile Include="$(MSBuildThisFileDirectory)OpenGLESPage.xaml.cpp" />
    <ClCompile Include="$(MSBuildThisFileDirectory)..\..\Classes\layer\board_layer.cc">
      <Filter>Classes\layer</Filter>
    </ClCompile>
    <ClCompile Include="$(MSBuildThisFileDirectory)..\..\Classes\layer\hud_layer.cc">
      <Filter>Classes\layer</Filter>
    </ClCompile>
    <ClCompile Include="$(MSBuildThisFileDirectory)..\..\Classes\scene\game_scene.cc">
      <Filter>Classes\scene</Filter>
    </ClCompile>
    <ClCompile Include="$(MSBuildThisFileDirectory)..\..\Classes\scene\game_over_scene.cc">
      <Filter>Classes\scene</Filter>
    </ClCompile>
    <ClCompile Include="$(MSBuildThisFileDirectory)..\..\Classes\scene\menu_scene.cc">
      <Filter>Classes\scene</Filter>
    </ClCompile>
    <ClCompile Include="$(MSBuildThisFileDirectory)..\..\Classes\ai\pathfinding_astar.cc">
      <Filter>Classes\ai</Filter>
    </ClCompile>
    <ClCompile Include="$(MSBuildThisFileDirectory)..\..\Classes\entities\cannon.cc">
      <Filter>Classes\entites</Filter>
    </ClCompile>
    <ClCompile Include="$(MSBuildThisFileDirectory)..\..\Classes\entities\enemy.cc">
      <Filter>Classes\entites</Filter>
    </ClCompile>
    <ClCompile Include="$(MSBuildThisFileDirectory)..\..\Classes\entities\land.cc">
      <Filter>Classes\entites</Filter>
    </ClCompile>
    <ClCompile Include="$(MSBuildThisFileDirectory)..\..\Classes\entities\tower.cc">
      <Filter>Classes\entites</Filter>
    </ClCompile>
    <ClCompile Include="$(MSBuildThisFileDirectory)..\..\Classes\entities\tower_platform.cc">
      <Filter>Classes\entites</Filter>
    </ClCompile>
    <ClCompile Include="$(MSBuildThisFileDirectory)..\..\Classes\manager\spawn_manager.cc">
      <Filter>Classes\manager</Filter>
    </ClCompile>
    <ClCompile Include="$(MSBuildThisFileDirectory)..\..\Classes\manager\world_manager.cc">
      <Filter>Classes\manager</Filter>
    </ClCompile>
    <ClCompile Include="$(MSBuildThisFileDirectory)..\..\Classes\layer\build_menu.cc">
      <Filter>Classes\base</Filter>
    </ClCompile>
    <ClCompile Include="$(MSBuildThisFileDirectory)..\..\Classes\base\game_event.cc">
      <Filter>Classes\base</Filter>
    </ClCompile>
    <ClCompile Include="$(MSBuildThisFileDirectory)..\..\Classes\base\game_model.cc">
      <Filter>Classes\base</Filter>
    </ClCompile>
    <ClCompile Include="$(MSBuildThisFileDirectory)..\..\Classes\base\game_world.cc">
      <Filter>Classes\base</Filter>
    </ClCompile>
    <ClCompile Include="$(MSBuildThisFileDirectory)..\..\Classes\layer\upgrade_menu.cc">
      <Filter>Classes\base</Filter>
    </ClCompile>
    <ClCompile Include="$(MSBuildThisFileDirectory)..\..\Classes\base\vector3.cc">
      <Filter>Classes\base</Filter>
    </ClCompile>
    <ClCompile Include="$(MSBuildThisFileDirectory)..\..\Classes\dao\data_access_object.cc">
      <Filter>Classes\dao</Filter>
    </ClCompile>
  </ItemGroup>
  <ItemGroup>
    <ApplicationDefinition Include="$(MSBuildThisFileDirectory)App.xaml" />
  </ItemGroup>
  <ItemGroup>
    <Filter Include="Classes">
      <UniqueIdentifier>{38ad799c-8c3c-44a2-8e41-516c8f62f556}</UniqueIdentifier>
    </Filter>
    <Filter Include="Classes\ai">
      <UniqueIdentifier>{4fa98f8d-cef6-4c4e-a93e-312876ac5294}</UniqueIdentifier>
    </Filter>
    <Filter Include="Classes\base">
      <UniqueIdentifier>{89b8cc8b-833a-496b-8db1-2098e479bc09}</UniqueIdentifier>
    </Filter>
    <Filter Include="Classes\entites">
      <UniqueIdentifier>{d5a2cc65-5ccf-49c9-bf5a-be227ddf0c3e}</UniqueIdentifier>
    </Filter>
    <Filter Include="Classes\layer">
      <UniqueIdentifier>{fa87fa21-659f-49e1-b769-7b52d32a96de}</UniqueIdentifier>
    </Filter>
    <Filter Include="Classes\manager">
      <UniqueIdentifier>{b638b9af-883c-45ce-be8e-c52cea1d4573}</UniqueIdentifier>
    </Filter>
    <Filter Include="Classes\scene">
      <UniqueIdentifier>{8af94b38-81ea-49fd-ab99-4cdc2894a8b7}</UniqueIdentifier>
    </Filter>
    <Filter Include="Classes\dao">
      <UniqueIdentifier>{cdcb59af-874a-4e40-8da8-9aeb040c010e}</UniqueIdentifier>
    </Filter>
  </ItemGroup>
  <ItemGroup>
    <ClInclude Include="$(MSBuildThisFileDirectory)..\..\Classes\AppDelegate.h">
      <Filter>Classes</Filter>
    </ClInclude>
    <ClInclude Include="$(MSBuildThisFileDirectory)OpenGLES.h" />
    <ClInclude Include="$(MSBuildThisFileDirectory)OpenGLESPage.xaml.h" />
    <ClInclude Include="$(MSBuildThisFileDirectory)Cocos2dRenderer.h" />
    <ClInclude Include="$(MSBuildThisFileDirectory)..\..\Classes\layer\board_layer.h">
      <Filter>Classes\layer</Filter>
    </ClInclude>
    <ClInclude Include="$(MSBuildThisFileDirectory)..\..\Classes\layer\hud_layer.h">
      <Filter>Classes\layer</Filter>
    </ClInclude>
    <ClInclude Include="$(MSBuildThisFileDirectory)..\..\Classes\scene\game_scene.h">
      <Filter>Classes\scene</Filter>
    </ClInclude>
    <ClInclude Include="$(MSBuildThisFileDirectory)..\..\Classes\scene\game_over_scene.h">
      <Filter>Classes\scene</Filter>
    </ClInclude>
    <ClInclude Include="$(MSBuildThisFileDirectory)..\..\Classes\scene\menu_scene.h">
      <Filter>Classes\scene</Filter>
    </ClInclude>
    <ClInclude Include="$(MSBuildThisFileDirectory)..\..\Classes\ai\pathfinding_astar.h">
      <Filter>Classes\ai</Filter>
    </ClInclude>
    <ClInclude Include="$(MSBuildThisFileDirectory)..\..\Classes\entities\bullet.h">
      <Filter>Classes\entites</Filter>
    </ClInclude>
    <ClInclude Include="$(MSBuildThisFileDirectory)..\..\Classes\entities\cannon.h">
      <Filter>Classes\entites</Filter>
    </ClInclude>
    <ClInclude Include="$(MSBuildThisFileDirectory)..\..\Classes\entities\enemy.h">
      <Filter>Classes\entites</Filter>
    </ClInclude>
    <ClInclude Include="$(MSBuildThisFileDirectory)..\..\Classes\entities\land.h">
      <Filter>Classes\entites</Filter>
    </ClInclude>
    <ClInclude Include="$(MSBuildThisFileDirectory)..\..\Classes\entities\tower.h">
      <Filter>Classes\entites</Filter>
    </ClInclude>
    <ClInclude Include="$(MSBuildThisFileDirectory)..\..\Classes\entities\tower_platform.h">
      <Filter>Classes\entites</Filter>
    </ClInclude>
    <ClInclude Include="$(MSBuildThisFileDirectory)..\..\Classes\manager\spawn_manager.h">
      <Filter>Classes\manager</Filter>
    </ClInclude>
    <ClInclude Include="$(MSBuildThisFileDirectory)..\..\Classes\manager\world_manager.h">
      <Filter>Classes\manager</Filter>
    </ClInclude>
    <ClInclude Include="$(MSBuildThisFileDirectory)..\..\Classes\layer\build_menu.h">
      <Filter>Classes\base</Filter>
    </ClInclude>
    <ClInclude Include="$(MSBuildThisFileDirectory)..\..\Classes\base\game_defines.h">
      <Filter>Classes\base</Filter>
    </ClInclude>
    <ClInclude Include="$(MSBuildThisFileDirectory)..\..\Classes\base\game_event.h">
      <Filter>Classes\base</Filter>
    </ClInclude>
    <ClInclude Include="$(MSBuildThisFileDirectory)..\..\Classes\base\game_model.h">
      <Filter>Classes\base</Filter>
    </ClInclude>
    <ClInclude Include="$(MSBuildThisFileDirectory)..\..\Classes\entities\game_object.h">
      <Filter>Classes\base</Filter>
    </ClInclude>
    <ClInclude Include="$(MSBuildThisFileDirectory)..\..\Classes\base\game_world.h">
      <Filter>Classes\base</Filter>
    </ClInclude>
    <ClInclude Include="$(MSBuildThisFileDirectory)..\..\Classes\base\observer.h">
      <Filter>Classes\base</Filter>
    </ClInclude>
    <ClInclude Include="$(MSBuildThisFileDirectory)..\..\Classes\base\search_cell.h">
      <Filter>Classes\base</Filter>
    </ClInclude>
    <ClInclude Include="$(MSBuildThisFileDirectory)..\..\Classes\base\subject.h">
      <Filter>Classes\base</Filter>
    </ClInclude>
    <ClInclude Include="$(MSBuildThisFileDirectory)..\..\Classes\layer\upgrade_menu.h">
      <Filter>Classes\base</Filter>
    </ClInclude>
    <ClInclude Include="$(MSBuildThisFileDirectory)..\..\Classes\base\vector3.h">
      <Filter>Classes\base</Filter>
    </ClInclude>
    <ClInclude Include="$(MSBuildThisFileDirectory)..\..\Classes\dao\data_access_object.h">
      <Filter>Classes\dao</Filter>
    </ClInclude>
  </ItemGroup>
  <ItemGroup>
    <Page Include="$(MSBuildThisFileDirectory)OpenGLESPage.xaml" />
  </ItemGroup>
</Project>