<?xml version="1.0" encoding="utf-8"?>
<Project ToolsVersion="4.0" xmlns="http://schemas.microsoft.com/developer/msbuild/2003">
  <ItemGroup>
    <Filter Include="win32">
      <UniqueIdentifier>{84a8ebd7-7cf0-47f6-b75e-d441df67da40}</UniqueIdentifier>
    </Filter>
    <Filter Include="resource">
      <UniqueIdentifier>{715254bc-d70b-4ec5-bf29-467dd3ace079}</UniqueIdentifier>
    </Filter>
    <Filter Include="src">
      <UniqueIdentifier>{bb6c862e-70e9-49d9-81b7-3829a6f50471}</UniqueIdentifier>
    </Filter>
    <Filter Include="src\ai">
      <UniqueIdentifier>{a5d024ad-8848-4a1b-9f1a-b439ba71e362}</UniqueIdentifier>
    </Filter>
    <Filter Include="src\base">
      <UniqueIdentifier>{595b5586-6e4a-4031-8994-0eb33742c125}</UniqueIdentifier>
    </Filter>
    <Filter Include="src\manager">
      <UniqueIdentifier>{296d1e6b-0a8b-49f1-8daa-0c1550a1ef87}</UniqueIdentifier>
    </Filter>
    <Filter Include="src\layer">
      <UniqueIdentifier>{7087f378-3ef9-4685-b5f9-b7d4ade42d73}</UniqueIdentifier>
    </Filter>
    <Filter Include="src\scene">
      <UniqueIdentifier>{e17529c6-4c9d-4472-a1a2-27b892a99736}</UniqueIdentifier>
    </Filter>
    <Filter Include="src\entities">
      <UniqueIdentifier>{db978063-a6f3-41d9-ba31-0482d9958149}</UniqueIdentifier>
    </Filter>
    <Filter Include="src\dao">
      <UniqueIdentifier>{8e5f446a-8122-4a2f-84d4-f0d2bd72ff6e}</UniqueIdentifier>
    </Filter>
  </ItemGroup>
  <ItemGroup>
    <ClCompile Include="main.cpp">
      <Filter>win32</Filter>
    </ClCompile>
    <ClCompile Include="..\Classes\AppDelegate.cpp">
      <Filter>src</Filter>
    </ClCompile>
    <ClCompile Include="..\Classes\ai\pathfinding_astar.cc">
      <Filter>src\ai</Filter>
    </ClCompile>
    <ClCompile Include="..\Classes\base\game_world.cc">
      <Filter>src\base</Filter>
    </ClCompile>
    <ClCompile Include="..\Classes\base\vector3.cc">
      <Filter>src\base</Filter>
    </ClCompile>
    <ClCompile Include="..\Classes\base\game_event.cc">
      <Filter>src\base</Filter>
    </ClCompile>
    <ClCompile Include="..\Classes\layer\board_layer.cc">
      <Filter>src\layer</Filter>
    </ClCompile>
    <ClCompile Include="..\Classes\manager\world_manager.cc">
      <Filter>src\manager</Filter>
    </ClCompile>
    <ClCompile Include="..\Classes\entities\enemy.cc">
      <Filter>src\entities</Filter>
    </ClCompile>
    <ClCompile Include="..\Classes\manager\spawn_manager.cc">
      <Filter>src\manager</Filter>
    </ClCompile>
    <ClCompile Include="..\Classes\entities\land.cc">
      <Filter>src\entities</Filter>
    </ClCompile>
    <ClCompile Include="..\Classes\layer\hud_layer.cc">
      <Filter>src\layer</Filter>
    </ClCompile>
    <ClCompile Include="..\Classes\entities\cannon.cc">
      <Filter>src\entities</Filter>
    </ClCompile>
    <ClCompile Include="..\Classes\entities\tower_platform.cc">
      <Filter>src\entities</Filter>
    </ClCompile>
    <ClCompile Include="..\Classes\scene\game_scene.cc">
      <Filter>src\scene</Filter>
    </ClCompile>
    <ClCompile Include="..\Classes\scene\menu_scene.cc">
      <Filter>src\scene</Filter>
    </ClCompile>
    <ClCompile Include="..\Classes\base\game_model.cc">
      <Filter>src\base</Filter>
    </ClCompile>
    <ClCompile Include="..\Classes\scene\game_over_scene.cc">
      <Filter>src\scene</Filter>
    </ClCompile>
    <ClCompile Include="..\Classes\layer\build_menu.cc">
      <Filter>src\layer</Filter>
    </ClCompile>
    <ClCompile Include="..\Classes\layer\upgrade_menu.cc">
      <Filter>src\layer</Filter>
    </ClCompile>
    <ClCompile Include="..\Classes\entities\tower.cc">
      <Filter>src\entities</Filter>
    </ClCompile>
    <ClCompile Include="..\Classes\dao\data_access_object.cc">
      <Filter>src\dao</Filter>
    </ClCompile>
    <ClCompile Include="..\Classes\JNIHelpers.cpp">
      <Filter>src</Filter>
    </ClCompile>
    <ClCompile Include="..\Classes\SonarFrameworks.cpp">
      <Filter>src</Filter>
    </ClCompile>
  </ItemGroup>
  <ItemGroup>
    <ClInclude Include="main.h">
      <Filter>win32</Filter>
    </ClInclude>
    <ClInclude Include="..\Classes\AppDelegate.h">
      <Filter>src</Filter>
    </ClInclude>
    <ClInclude Include="..\Classes\ai\pathfinding_astar.h">
      <Filter>src\ai</Filter>
    </ClInclude>
    <ClInclude Include="..\Classes\base\game_world.h">
      <Filter>src\base</Filter>
    </ClInclude>
    <ClInclude Include="..\Classes\base\search_cell.h">
      <Filter>src\base</Filter>
    </ClInclude>
    <ClInclude Include="..\Classes\base\vector3.h">
      <Filter>src\base</Filter>
    </ClInclude>
    <ClInclude Include="..\Classes\base\game_event.h">
      <Filter>src\base</Filter>
    </ClInclude>
    <ClInclude Include="..\Classes\base\subject.h">
      <Filter>src\base</Filter>
    </ClInclude>
    <ClInclude Include="..\Classes\base\observer.h">
      <Filter>src\base</Filter>
    </ClInclude>
    <ClInclude Include="..\Classes\base\game_defines.h">
      <Filter>src\base</Filter>
    </ClInclude>
    <ClInclude Include="..\Classes\layer\board_layer.h">
      <Filter>src\layer</Filter>
    </ClInclude>
    <ClInclude Include="..\Classes\manager\world_manager.h">
      <Filter>src\manager</Filter>
    </ClInclude>
    <ClInclude Include="..\Classes\scene\game_scene.h">
      <Filter>src\scene</Filter>
    </ClInclude>
    <ClInclude Include="..\Classes\scene\menu_scene.h">
      <Filter>src\scene</Filter>
    </ClInclude>
    <ClInclude Include="..\Classes\entities\enemy.h">
      <Filter>src\entities</Filter>
    </ClInclude>
    <ClInclude Include="..\Classes\manager\spawn_manager.h">
      <Filter>src\manager</Filter>
    </ClInclude>
    <ClInclude Include="..\Classes\entities\land.h">
      <Filter>src\entities</Filter>
    </ClInclude>
    <ClInclude Include="..\Classes\layer\hud_layer.h">
      <Filter>src\layer</Filter>
    </ClInclude>
    <ClInclude Include="..\Classes\entities\cannon.h">
      <Filter>src\entities</Filter>
    </ClInclude>
    <ClInclude Include="..\Classes\entities\game_object.h">
      <Filter>src\entities</Filter>
    </ClInclude>
    <ClInclude Include="..\Classes\entities\tower_platform.h">
      <Filter>src\entities</Filter>
    </ClInclude>
    <ClInclude Include="..\Classes\base\game_model.h">
      <Filter>src\base</Filter>
    </ClInclude>
    <ClInclude Include="..\Classes\scene\game_over_scene.h">
      <Filter>src\scene</Filter>
    </ClInclude>
    <ClInclude Include="..\Classes\layer\build_menu.h">
      <Filter>src\layer</Filter>
    </ClInclude>
    <ClInclude Include="..\Classes\layer\upgrade_menu.h">
      <Filter>src\layer</Filter>
    </ClInclude>
    <ClInclude Include="..\Classes\entities\tower.h">
      <Filter>src\entities</Filter>
    </ClInclude>
    <ClInclude Include="..\Classes\entities\bullet.h">
      <Filter>src\entities</Filter>
    </ClInclude>
    <ClInclude Include="..\Classes\dao\data_access_object.h">
      <Filter>src\dao</Filter>
    </ClInclude>
    <ClInclude Include="..\Classes\JNIHelpers.h">
      <Filter>src</Filter>
    </ClInclude>
    <ClInclude Include="..\Classes\SonarFrameworks.h">
      <Filter>src</Filter>
    </ClInclude>
  </ItemGroup>
  <ItemGroup>
    <ResourceCompile Include="game.rc">
      <Filter>resource</Filter>
    </ResourceCompile>
  </ItemGroup>
  <ItemGroup>
    <None Include="..\.sdkbox_packages.json" />
    <None Include="..\README.md" />
  </ItemGroup>
</Project>